Microsoft Visual Studio Solution File, Format Version 8.00
Project("{8BC9CEB8-8B4A-11D0-8D11-00A0C91BC942}") = "VertigoScan4", "VertigoScan4.vcproj", "{E9120FE7-B554-42C3-B1BE-858665C8BE0F}"
	ProjectSection(ProjectDependencies) = postProject
	EndProjectSection
EndProject
Global
	GlobalSection(SolutionConfiguration) = preSolution
		Debug = Debug
		Release MinDependency = Release MinDependency
		Release MinSize = Release MinSize
		Unicode Debug = Unicode Debug
		Unicode Release MinDependency = Unicode Release MinDependency
		Unicode Release MinSize = Unicode Release MinSize
	EndGlobalSection
	GlobalSection(ProjectConfiguration) = postSolution
		{E9120FE7-B554-42C3-B1BE-858665C8BE0F}.Debug.ActiveCfg = Debug|Win32
		{E9120FE7-B554-42C3-B1BE-858665C8BE0F}.Debug.Build.0 = Debug|Win32
		{E9120FE7-B554-42C3-B1BE-858665C8BE0F}.Release MinDependency.ActiveCfg = Release MinDependency|Win32
		{E9120FE7-B554-42C3-B1BE-858665C8BE0F}.Release MinDependency.Build.0 = Release MinDependency|Win32
		{E9120FE7-B554-42C3-B1BE-858665C8BE0F}.Release MinSize.ActiveCfg = Release MinSize|Win32
		{E9120FE7-B554-42C3-B1BE-858665C8BE0F}.Release MinSize.Build.0 = Release MinSize|Win32
		{E9120FE7-B554-42C3-B1BE-858665C8BE0F}.Unicode Debug.ActiveCfg = Unicode Debug|Win32
		{E9120FE7-B554-42C3-B1BE-858665C8BE0F}.Unicode Debug.Build.0 = Unicode Debug|Win32
		{E9120FE7-B554-42C3-B1BE-858665C8BE0F}.Unicode Release MinDependency.ActiveCfg = Unicode Release MinDependency|Win32
		{E9120FE7-B554-42C3-B1BE-858665C8BE0F}.Unicode Release MinDependency.Build.0 = Unicode Release MinDependency|Win32
		{E9120FE7-B554-42C3-B1BE-858665C8BE0F}.Unicode Release MinSize.ActiveCfg = Unicode Release MinSize|Win32
		{E9120FE7-B554-42C3-B1BE-858665C8BE0F}.Unicode Release MinSize.Build.0 = Unicode Release MinSize|Win32
	EndGlobalSection
	GlobalSection(ExtensibilityGlobals) = postSolution
	EndGlobalSection
	GlobalSection(ExtensibilityAddIns) = postSolution
	EndGlobalSection
EndGlobal
