Microsoft Visual Studio Solution File, Format Version 7.00
Project("{FAE04EC0-301F-11D3-BF4B-00C04F79EFBC}") = "Test", "Test.csproj", "{008DAC8B-FDB2-4F43-8BFF-F7F6CFCD0684}"
EndProject
Global
	GlobalSection(SolutionConfiguration) = preSolution
		ConfigName.0 = Debug
		ConfigName.1 = Release
	EndGlobalSection
	GlobalSection(ProjectDependencies) = postSolution
	EndGlobalSection
	GlobalSection(ProjectConfiguration) = postSolution
		{008DAC8B-FDB2-4F43-8BFF-F7F6CFCD0684}.Debug.ActiveCfg = Debug|.NET
		{008DAC8B-FDB2-4F43-8BFF-F7F6CFCD0684}.Debug.Build.0 = Debug|.NET
		{008DAC8B-FDB2-4F43-8BFF-F7F6CFCD0684}.Release.ActiveCfg = Release|.NET
		{008DAC8B-FDB2-4F43-8BFF-F7F6CFCD0684}.Release.Build.0 = Release|.NET
	EndGlobalSection
	GlobalSection(ExtensibilityGlobals) = postSolution
	EndGlobalSection
	GlobalSection(ExtensibilityAddIns) = postSolution
	EndGlobalSection
EndGlobal
