Microsoft Visual Studio Solution File, Format Version 9.00
# Visual Studio 2005
Project("{8BC9CEB8-8B4A-11D0-8D11-00A0C91BC942}") = "ScanServer", "ScanServer\ScanServer.vcproj", "{86EF19CD-6B0D-4311-9E55-F81595E22E4F}"
EndProject
Project("{8BC9CEB8-8B4A-11D0-8D11-00A0C91BC942}") = "ScanServerMessageRouter", "ScanServerMessageRouter\ScanServerMessageRouter.vcproj", "{CF61C74D-2BC6-41C5-ADE9-0B97D205E4A2}"
EndProject
Project("{8BC9CEB8-8B4A-11D0-8D11-00A0C91BC942}") = "ScanServerMessageRouterPS", "ScanServerMessageRouter\ScanServerMessageRouterPS.vcproj", "{A687D3FF-C995-469E-8E6D-0634A90F2EDB}"
	ProjectSection(ProjectDependencies) = postProject
		{CF61C74D-2BC6-41C5-ADE9-0B97D205E4A2} = {CF61C74D-2BC6-41C5-ADE9-0B97D205E4A2}
	EndProjectSection
EndProject
Global
	GlobalSection(SolutionConfigurationPlatforms) = preSolution
		Debug|Win32 = Debug|Win32
		Release|Win32 = Release|Win32
	EndGlobalSection
	GlobalSection(ProjectConfigurationPlatforms) = postSolution
		{86EF19CD-6B0D-4311-9E55-F81595E22E4F}.Debug|Win32.ActiveCfg = Debug|Win32
		{86EF19CD-6B0D-4311-9E55-F81595E22E4F}.Debug|Win32.Build.0 = Debug|Win32
		{86EF19CD-6B0D-4311-9E55-F81595E22E4F}.Release|Win32.ActiveCfg = Release|Win32
		{86EF19CD-6B0D-4311-9E55-F81595E22E4F}.Release|Win32.Build.0 = Release|Win32
		{CF61C74D-2BC6-41C5-ADE9-0B97D205E4A2}.Debug|Win32.ActiveCfg = Debug|Win32
		{CF61C74D-2BC6-41C5-ADE9-0B97D205E4A2}.Debug|Win32.Build.0 = Debug|Win32
		{CF61C74D-2BC6-41C5-ADE9-0B97D205E4A2}.Release|Win32.ActiveCfg = Release|Win32
		{CF61C74D-2BC6-41C5-ADE9-0B97D205E4A2}.Release|Win32.Build.0 = Release|Win32
		{A687D3FF-C995-469E-8E6D-0634A90F2EDB}.Debug|Win32.ActiveCfg = Debug|Win32
		{A687D3FF-C995-469E-8E6D-0634A90F2EDB}.Release|Win32.ActiveCfg = Release|Win32
	EndGlobalSection
	GlobalSection(SolutionProperties) = preSolution
		HideSolutionNode = FALSE
	EndGlobalSection
EndGlobal
